
Microsoft Visual Studio Solution File, Format Version 12.00
# Visual Studio Version 17
VisualStudioVersion = 17.7.34024.191
MinimumVisualStudioVersion = 10.0.40219.1
Project("{9A19103F-16F7-4668-BE54-9A1E7A4F7556}") = "Vkp.Base", "Vkp.Base\Vkp.Base.csproj", "{B7BD9AD8-72BC-4F21-8664-CE57A7B18992}"
EndProject
Project("{9A19103F-16F7-4668-BE54-9A1E7A4F7556}") = "Vkp.Data", "Vkp.Data\Vkp.Data.csproj", "{5EC77887-9949-4829-AC2D-533134DE6005}"
EndProject
Project("{9A19103F-16F7-4668-BE54-9A1E7A4F7556}") = "Vkp.Api", "Vkp.Api\Vkp.Api.csproj", "{5A8710C4-DAC8-41B9-A900-3F9A09335275}"
EndProject
Global
	GlobalSection(SolutionConfigurationPlatforms) = preSolution
		Debug|Any CPU = Debug|Any CPU
		Release|Any CPU = Release|Any CPU
	EndGlobalSection
	GlobalSection(ProjectConfigurationPlatforms) = postSolution
		{B7BD9AD8-72BC-4F21-8664-CE57A7B18992}.Debug|Any CPU.ActiveCfg = Debug|Any CPU
		{B7BD9AD8-72BC-4F21-8664-CE57A7B18992}.Debug|Any CPU.Build.0 = Debug|Any CPU
		{B7BD9AD8-72BC-4F21-8664-CE57A7B18992}.Release|Any CPU.ActiveCfg = Release|Any CPU
		{B7BD9AD8-72BC-4F21-8664-CE57A7B18992}.Release|Any CPU.Build.0 = Release|Any CPU
		{5EC77887-9949-4829-AC2D-533134DE6005}.Debug|Any CPU.ActiveCfg = Debug|Any CPU
		{5EC77887-9949-4829-AC2D-533134DE6005}.Debug|Any CPU.Build.0 = Debug|Any CPU
		{5EC77887-9949-4829-AC2D-533134DE6005}.Release|Any CPU.ActiveCfg = Release|Any CPU
		{5EC77887-9949-4829-AC2D-533134DE6005}.Release|Any CPU.Build.0 = Release|Any CPU
		{5A8710C4-DAC8-41B9-A900-3F9A09335275}.Debug|Any CPU.ActiveCfg = Debug|Any CPU
		{5A8710C4-DAC8-41B9-A900-3F9A09335275}.Debug|Any CPU.Build.0 = Debug|Any CPU
		{5A8710C4-DAC8-41B9-A900-3F9A09335275}.Release|Any CPU.ActiveCfg = Release|Any CPU
		{5A8710C4-DAC8-41B9-A900-3F9A09335275}.Release|Any CPU.Build.0 = Release|Any CPU
	EndGlobalSection
	GlobalSection(SolutionProperties) = preSolution
		HideSolutionNode = FALSE
	EndGlobalSection
	GlobalSection(ExtensibilityGlobals) = postSolution
		SolutionGuid = {448135AD-B1FE-4B54-AE34-35B527C71F1E}
	EndGlobalSection
EndGlobal
